{
  "originHash" : "887432a907cd1bcb98cdcc9e8e9830069bbcc60f830e4c5026672a34999cdf4e",
  "pins" : [
    {
      "identity" : "capacitor-swift-pm",
      "kind" : "remoteSourceControl",
      "location" : "https://github.com/ionic-team/capacitor-swift-pm.git",
      "state" : {
        "revision" : "13a39179b3df796f3bb2e70c47ccdd92593f34d2",
        "version" : "8.0.2"
      }
    },
    {
      "identity" : "purchases-ios-spm",
      "kind" : "remoteSourceControl",
      "location" : "https://github.com/RevenueCat/purchases-ios-spm.git",
      "state" : {
        "revision" : "4d75c384d9169316d6aa5b74b541c02dd0e345ec",
        "version" : "5.60.0"
      }
    }
  ],
  "version" : 3
}
